
Microsoft Visual Studio Solution File, Format Version 12.00
# Visual Studio Version 16
VisualStudioVersion = 16.0.29911.84
MinimumVisualStudioVersion = 10.0.40219.1
Project("{FAE04EC0-301F-11D3-BF4B-00C04F79EFBC}") = "SinaFinance_7X24", "SinaFinance_7X24.csproj", "{09360201-70D3-4A2A-973A-41BCC35F49E5}"
EndProject
Global
	GlobalSection(SolutionConfigurationPlatforms) = preSolution
		Debug|Any CPU = Debug|Any CPU
		Release|Any CPU = Release|Any CPU
	EndGlobalSection
	GlobalSection(ProjectConfigurationPlatforms) = postSolution
		{09360201-70D3-4A2A-973A-41BCC35F49E5}.Debug|Any CPU.ActiveCfg = Debug|Any CPU
		{09360201-70D3-4A2A-973A-41BCC35F49E5}.Debug|Any CPU.Build.0 = Debug|Any CPU
		{09360201-70D3-4A2A-973A-41BCC35F49E5}.Release|Any CPU.ActiveCfg = Release|Any CPU
		{09360201-70D3-4A2A-973A-41BCC35F49E5}.Release|Any CPU.Build.0 = Release|Any CPU
	EndGlobalSection
	GlobalSection(SolutionProperties) = preSolution
		HideSolutionNode = FALSE
	EndGlobalSection
	GlobalSection(ExtensibilityGlobals) = postSolution
		SolutionGuid = {FB4506FB-DB05-42DE-BCE3-102D6CFBC979}
	EndGlobalSection
EndGlobal
